
Microsoft Visual Studio Solution File, Format Version 12.00
# Visual Studio Version 17
VisualStudioVersion = 17.3.32825.248
MinimumVisualStudioVersion = 10.0.40219.1
Project("{FAE04EC0-301F-11D3-BF4B-00C04F79EFBC}") = "TextAccuracy", "TextAccuracy\TextAccuracy.csproj", "{57C9C3BE-23E5-48BA-8E0E-25A8C952889D}"
EndProject
Global
	GlobalSection(SolutionConfigurationPlatforms) = preSolution
		Debug|Any CPU = Debug|Any CPU
		Release|Any CPU = Release|Any CPU
	EndGlobalSection
	GlobalSection(ProjectConfigurationPlatforms) = postSolution
		{57C9C3BE-23E5-48BA-8E0E-25A8C952889D}.Debug|Any CPU.ActiveCfg = Debug|Any CPU
		{57C9C3BE-23E5-48BA-8E0E-25A8C952889D}.Debug|Any CPU.Build.0 = Debug|Any CPU
		{57C9C3BE-23E5-48BA-8E0E-25A8C952889D}.Release|Any CPU.ActiveCfg = Release|Any CPU
		{57C9C3BE-23E5-48BA-8E0E-25A8C952889D}.Release|Any CPU.Build.0 = Release|Any CPU
	EndGlobalSection
	GlobalSection(SolutionProperties) = preSolution
		HideSolutionNode = FALSE
	EndGlobalSection
	GlobalSection(ExtensibilityGlobals) = postSolution
		SolutionGuid = {45655AA2-FF95-4853-8F60-4A93289BFCD6}
	EndGlobalSection
EndGlobal
